
Microsoft Visual Studio Solution File, Format Version 12.00
# Visual Studio Version 16
VisualStudioVersion = 16.0.30611.23
MinimumVisualStudioVersion = 10.0.40219.1
Project("{9A19103F-16F7-4668-BE54-9A1E7A4F7556}") = "Lab2", "Lab2\Lab2.csproj", "{9B28C3DE-6D75-4EA2-8C8F-F367E7783DA9}"
EndProject
Global
	GlobalSection(SolutionConfigurationPlatforms) = preSolution
		Debug|Any CPU = Debug|Any CPU
		Release|Any CPU = Release|Any CPU
	EndGlobalSection
	GlobalSection(ProjectConfigurationPlatforms) = postSolution
		{9B28C3DE-6D75-4EA2-8C8F-F367E7783DA9}.Debug|Any CPU.ActiveCfg = Debug|Any CPU
		{9B28C3DE-6D75-4EA2-8C8F-F367E7783DA9}.Debug|Any CPU.Build.0 = Debug|Any CPU
		{9B28C3DE-6D75-4EA2-8C8F-F367E7783DA9}.Release|Any CPU.ActiveCfg = Release|Any CPU
		{9B28C3DE-6D75-4EA2-8C8F-F367E7783DA9}.Release|Any CPU.Build.0 = Release|Any CPU
	EndGlobalSection
	GlobalSection(SolutionProperties) = preSolution
		HideSolutionNode = FALSE
	EndGlobalSection
	GlobalSection(ExtensibilityGlobals) = postSolution
		SolutionGuid = {AA7BAFC5-A63A-4F01-89FD-1DCA1E98996C}
	EndGlobalSection
EndGlobal
